
Microsoft Visual Studio Solution File, Format Version 12.00
# Visual Studio 15
VisualStudioVersion = 15.0.27703.2047
MinimumVisualStudioVersion = 10.0.40219.1
Project("{FAE04EC0-301F-11D3-BF4B-00C04F79EFBC}") = "task1", "task1\task1.csproj", "{EC93A7AD-0ACD-4F17-BA85-B95A70FFE0A0}"
EndProject
Global
	GlobalSection(SolutionConfigurationPlatforms) = preSolution
		Debug|Any CPU = Debug|Any CPU
		Release|Any CPU = Release|Any CPU
	EndGlobalSection
	GlobalSection(ProjectConfigurationPlatforms) = postSolution
		{EC93A7AD-0ACD-4F17-BA85-B95A70FFE0A0}.Debug|Any CPU.ActiveCfg = Debug|Any CPU
		{EC93A7AD-0ACD-4F17-BA85-B95A70FFE0A0}.Debug|Any CPU.Build.0 = Debug|Any CPU
		{EC93A7AD-0ACD-4F17-BA85-B95A70FFE0A0}.Release|Any CPU.ActiveCfg = Release|Any CPU
		{EC93A7AD-0ACD-4F17-BA85-B95A70FFE0A0}.Release|Any CPU.Build.0 = Release|Any CPU
	EndGlobalSection
	GlobalSection(SolutionProperties) = preSolution
		HideSolutionNode = FALSE
	EndGlobalSection
	GlobalSection(ExtensibilityGlobals) = postSolution
		SolutionGuid = {E2BE6C50-11D0-47F7-BAAC-79C63987FA1E}
	EndGlobalSection
EndGlobal
